// !$*UTF8*$!
{
	archiveVersion = 1;
	classes = {
	};
	objectVersion = 48;
	objects = {

/* Begin PBXBuildFile section */
		81459968E9ABCE8CB46D2ECA /* Pods_justArt.framework in Frameworks */ = {isa = PBXBuildFile; fileRef = EAB70007B6017701F9FEB07C /* Pods_justArt.framework */; };
		8A306B7C1FD72E920063ECCA /* MenuVC.swift in Sources */ = {isa = PBXBuildFile; fileRef = 8A306B7B1FD72E920063ECCA /* MenuVC.swift */; };
		8A306B7E1FD72EBF0063ECCA /* CategoryVC.swift in Sources */ = {isa = PBXBuildFile; fileRef = 8A306B7D1FD72EBF0063ECCA /* CategoryVC.swift */; };
		8A7B3B8B1FD2C45B005AD523 /* AppDelegate.swift in Sources */ = {isa = PBXBuildFile; fileRef = 8A7B3B8A1FD2C45B005AD523 /* AppDelegate.swift */; };
		8A7B3B8D1FD2C45B005AD523 /* GameVC.swift in Sources */ = {isa = PBXBuildFile; fileRef = 8A7B3B8C1FD2C45B005AD523 /* GameVC.swift */; };
		8A7B3B901FD2C45B005AD523 /* Main.storyboard in Resources */ = {isa = PBXBuildFile; fileRef = 8A7B3B8E1FD2C45B005AD523 /* Main.storyboard */; };
		8A7B3B921FD2C45B005AD523 /* Assets.xcassets in Resources */ = {isa = PBXBuildFile; fileRef = 8A7B3B911FD2C45B005AD523 /* Assets.xcassets */; };
		8A7B3B951FD2C45B005AD523 /* LaunchScreen.storyboard in Resources */ = {isa = PBXBuildFile; fileRef = 8A7B3B931FD2C45B005AD523 /* LaunchScreen.storyboard */; };
		8A9A43341FD5F538000C0FFA /* APIService.swift in Sources */ = {isa = PBXBuildFile; fileRef = 8A9A43331FD5F538000C0FFA /* APIService.swift */; };
		8A9A43371FD5F7E0000C0FFA /* Constants.swift in Sources */ = {isa = PBXBuildFile; fileRef = 8A9A43361FD5F7E0000C0FFA /* Constants.swift */; };
		8AEADFF61FD34F51001E87E4 /* RoundedButton.swift in Sources */ = {isa = PBXBuildFile; fileRef = 8AEADFF51FD34F51001E87E4 /* RoundedButton.swift */; };
		8AEADFF81FD350D3001E87E4 /* RoundedImage.swift in Sources */ = {isa = PBXBuildFile; fileRef = 8AEADFF71FD350D3001E87E4 /* RoundedImage.swift */; };
		8AEADFFA1FD35E6D001E87E4 /* Question.swift in Sources */ = {isa = PBXBuildFile; fileRef = 8AEADFF91FD35E6D001E87E4 /* Question.swift */; };
/* End PBXBuildFile section */

/* Begin PBXFileReference section */
		0445CC55F6907F46E9F8F13D /* Pods-justArt.release.xcconfig */ = {isa = PBXFileReference; includeInIndex = 1; lastKnownFileType = text.xcconfig; name = "Pods-justArt.release.xcconfig"; path = "Pods/Target Support Files/Pods-justArt/Pods-justArt.release.xcconfig"; sourceTree = "<group>"; };
		2C8BFC4583843EAE208B5CAC /* Pods-justArt.debug.xcconfig */ = {isa = PBXFileReference; includeInIndex = 1; lastKnownFileType = text.xcconfig; name = "Pods-justArt.debug.xcconfig"; path = "Pods/Target Support Files/Pods-justArt/Pods-justArt.debug.xcconfig"; sourceTree = "<group>"; };
		8A306B7B1FD72E920063ECCA /* MenuVC.swift */ = {isa = PBXFileReference; lastKnownFileType = sourcecode.swift; path = MenuVC.swift; sourceTree = "<group>"; };
		8A306B7D1FD72EBF0063ECCA /* CategoryVC.swift */ = {isa = PBXFileReference; lastKnownFileType = sourcecode.swift; path = CategoryVC.swift; sourceTree = "<group>"; };
		8A7B3B871FD2C45B005AD523 /* justArt.app */ = {isa = PBXFileReference; explicitFileType = wrapper.application; includeInIndex = 0; path = justArt.app; sourceTree = BUILT_PRODUCTS_DIR; };
		8A7B3B8A1FD2C45B005AD523 /* AppDelegate.swift */ = {isa = PBXFileReference; lastKnownFileType = sourcecode.swift; path = AppDelegate.swift; sourceTree = "<group>"; };
		8A7B3B8C1FD2C45B005AD523 /* GameVC.swift */ = {isa = PBXFileReference; lastKnownFileType = sourcecode.swift; path = GameVC.swift; sourceTree = "<group>"; };
		8A7B3B8F1FD2C45B005AD523 /* Base */ = {isa = PBXFileReference; lastKnownFileType = file.storyboard; name = Base; path = Base.lproj/Main.storyboard; sourceTree = "<group>"; };
		8A7B3B911FD2C45B005AD523 /* Assets.xcassets */ = {isa = PBXFileReference; lastKnownFileType = folder.assetcatalog; path = Assets.xcassets; sourceTree = "<group>"; };
		8A7B3B941FD2C45B005AD523 /* Base */ = {isa = PBXFileReference; lastKnownFileType = file.storyboard; name = Base; path = Base.lproj/LaunchScreen.storyboard; sourceTree = "<group>"; };
		8A7B3B961FD2C45B005AD523 /* Info.plist */ = {isa = PBXFileReference; lastKnownFileType = text.plist.xml; path = Info.plist; sourceTree = "<group>"; };
		8A9A43331FD5F538000C0FFA /* APIService.swift */ = {isa = PBXFileReference; lastKnownFileType = sourcecode.swift; path = APIService.swift; sourceTree = "<group>"; };
		8A9A43361FD5F7E0000C0FFA /* Constants.swift */ = {isa = PBXFileReference; lastKnownFileType = sourcecode.swift; path = Constants.swift; sourceTree = "<group>"; };
		8AEADFF51FD34F51001E87E4 /* RoundedButton.swift */ = {isa = PBXFileReference; lastKnownFileType = sourcecode.swift; path = RoundedButton.swift; sourceTree = "<group>"; };
		8AEADFF71FD350D3001E87E4 /* RoundedImage.swift */ = {isa = PBXFileReference; lastKnownFileType = sourcecode.swift; path = RoundedImage.swift; sourceTree = "<group>"; };
		8AEADFF91FD35E6D001E87E4 /* Question.swift */ = {isa = PBXFileReference; lastKnownFileType = sourcecode.swift; path = Question.swift; sourceTree = "<group>"; };
		EAB70007B6017701F9FEB07C /* Pods_justArt.framework */ = {isa = PBXFileReference; explicitFileType = wrapper.framework; includeInIndex = 0; path = Pods_justArt.framework; sourceTree = BUILT_PRODUCTS_DIR; };
/* End PBXFileReference section */

/* Begin PBXFrameworksBuildPhase section */
		8A7B3B841FD2C45B005AD523 /* Frameworks */ = {
			isa = PBXFrameworksBuildPhase;
			buildActionMask = 2147483647;
			files = (
				81459968E9ABCE8CB46D2ECA /* Pods_justArt.framework in Frameworks */,
			);
			runOnlyForDeploymentPostprocessing = 0;
		};
/* End PBXFrameworksBuildPhase section */

/* Begin PBXGroup section */
		1D0562536BC371091C57F7BE /* Frameworks */ = {
			isa = PBXGroup;
			children = (
				EAB70007B6017701F9FEB07C /* Pods_justArt.framework */,
			);
			name = Frameworks;
			sourceTree = "<group>";
		};
		344F05E9C35967D81AD9C952 /* Pods */ = {
			isa = PBXGroup;
			children = (
				2C8BFC4583843EAE208B5CAC /* Pods-justArt.debug.xcconfig */,
				0445CC55F6907F46E9F8F13D /* Pods-justArt.release.xcconfig */,
			);
			name = Pods;
			sourceTree = "<group>";
		};
		8A7B3B7E1FD2C45B005AD523 = {
			isa = PBXGroup;
			children = (
				8A7B3B891FD2C45B005AD523 /* justArt */,
				8A7B3B881FD2C45B005AD523 /* Products */,
				344F05E9C35967D81AD9C952 /* Pods */,
				1D0562536BC371091C57F7BE /* Frameworks */,
			);
			sourceTree = "<group>";
		};
		8A7B3B881FD2C45B005AD523 /* Products */ = {
			isa = PBXGroup;
			children = (
				8A7B3B871FD2C45B005AD523 /* justArt.app */,
			);
			name = Products;
			sourceTree = "<group>";
		};
		8A7B3B891FD2C45B005AD523 /* justArt */ = {
			isa = PBXGroup;
			children = (
				8A9A43351FD5F7CA000C0FFA /* Utilities */,
				8AEADFFB1FD36C6E001E87E4 /* Services */,
				8AEADFF41FD34F30001E87E4 /* Views */,
				8A7B3B9D1FD2C4E2005AD523 /* Model */,
				8A7B3B9C1FD2C4AE005AD523 /* Controller */,
				8A7B3B8A1FD2C45B005AD523 /* AppDelegate.swift */,
				8A7B3B911FD2C45B005AD523 /* Assets.xcassets */,
				8A7B3B931FD2C45B005AD523 /* LaunchScreen.storyboard */,
				8A7B3B961FD2C45B005AD523 /* Info.plist */,
			);
			path = justArt;
			sourceTree = "<group>";
		};
		8A7B3B9C1FD2C4AE005AD523 /* Controller */ = {
			isa = PBXGroup;
			children = (
				8A7B3B8C1FD2C45B005AD523 /* GameVC.swift */,
				8A306B7B1FD72E920063ECCA /* MenuVC.swift */,
				8A306B7D1FD72EBF0063ECCA /* CategoryVC.swift */,
			);
			path = Controller;
			sourceTree = "<group>";
		};
		8A7B3B9D1FD2C4E2005AD523 /* Model */ = {
			isa = PBXGroup;
			children = (
				8AEADFF91FD35E6D001E87E4 /* Question.swift */,
			);
			path = Model;
			sourceTree = "<group>";
		};
		8A9A43351FD5F7CA000C0FFA /* Utilities */ = {
			isa = PBXGroup;
			children = (
				8A9A43361FD5F7E0000C0FFA /* Constants.swift */,
			);
			path = Utilities;
			sourceTree = "<group>";
		};
		8AEADFF41FD34F30001E87E4 /* Views */ = {
			isa = PBXGroup;
			children = (
				8A7B3B8E1FD2C45B005AD523 /* Main.storyboard */,
				8AEADFF51FD34F51001E87E4 /* RoundedButton.swift */,
				8AEADFF71FD350D3001E87E4 /* RoundedImage.swift */,
			);
			path = Views;
			sourceTree = "<group>";
		};
		8AEADFFB1FD36C6E001E87E4 /* Services */ = {
			isa = PBXGroup;
			children = (
				8A9A43331FD5F538000C0FFA /* APIService.swift */,
			);
			path = Services;
			sourceTree = "<group>";
		};
/* End PBXGroup section */

/* Begin PBXNativeTarget section */
		8A7B3B861FD2C45B005AD523 /* justArt */ = {
			isa = PBXNativeTarget;
			buildConfigurationList = 8A7B3B991FD2C45B005AD523 /* Build configuration list for PBXNativeTarget "justArt" */;
			buildPhases = (
				C03FA1739B34FEDE9FFC1C4B /* [CP] Check Pods Manifest.lock */,
				8A7B3B831FD2C45B005AD523 /* Sources */,
				8A7B3B841FD2C45B005AD523 /* Frameworks */,
				8A7B3B851FD2C45B005AD523 /* Resources */,
				2467B50C866A13D0F90B3DBD /* [CP] Embed Pods Frameworks */,
				BF8881A6BD0CC6B91087A460 /* [CP] Copy Pods Resources */,
			);
			buildRules = (
			);
			dependencies = (
			);
			name = justArt;
			productName = justArt;
			productReference = 8A7B3B871FD2C45B005AD523 /* justArt.app */;
			productType = "com.apple.product-type.application";
		};
/* End PBXNativeTarget section */

/* Begin PBXProject section */
		8A7B3B7F1FD2C45B005AD523 /* Project object */ = {
			isa = PBXProject;
			attributes = {
				LastSwiftUpdateCheck = 0910;
				LastUpgradeCheck = 0910;
				ORGANIZATIONNAME = "Sercan Yektaş";
				TargetAttributes = {
					8A7B3B861FD2C45B005AD523 = {
						CreatedOnToolsVersion = 9.1;
						ProvisioningStyle = Automatic;
					};
				};
			};
			buildConfigurationList = 8A7B3B821FD2C45B005AD523 /* Build configuration list for PBXProject "justArt" */;
			compatibilityVersion = "Xcode 8.0";
			developmentRegion = en;
			hasScannedForEncodings = 0;
			knownRegions = (
				en,
				Base,
			);
			mainGroup = 8A7B3B7E1FD2C45B005AD523;
			productRefGroup = 8A7B3B881FD2C45B005AD523 /* Products */;
			projectDirPath = "";
			projectRoot = "";
			targets = (
				8A7B3B861FD2C45B005AD523 /* justArt */,
			);
		};
/* End PBXProject section */

/* Begin PBXResourcesBuildPhase section */
		8A7B3B851FD2C45B005AD523 /* Resources */ = {
			isa = PBXResourcesBuildPhase;
			buildActionMask = 2147483647;
			files = (
				8A7B3B951FD2C45B005AD523 /* LaunchScreen.storyboard in Resources */,
				8A7B3B921FD2C45B005AD523 /* Assets.xcassets in Resources */,
				8A7B3B901FD2C45B005AD523 /* Main.storyboard in Resources */,
			);
			runOnlyForDeploymentPostprocessing = 0;
		};
/* End PBXResourcesBuildPhase section */

/* Begin PBXShellScriptBuildPhase section */
		2467B50C866A13D0F90B3DBD /* [CP] Embed Pods Frameworks */ = {
			isa = PBXShellScriptBuildPhase;
			buildActionMask = 2147483647;
			files = (
			);
			inputPaths = (
				"${SRCROOT}/Pods/Target Support Files/Pods-justArt/Pods-justArt-frameworks.sh",
				"${BUILT_PRODUCTS_DIR}/Alamofire/Alamofire.framework",
				"${BUILT_PRODUCTS_DIR}/Canvas/Canvas.framework",
				"${BUILT_PRODUCTS_DIR}/SwiftyJSON/SwiftyJSON.framework",
			);
			name = "[CP] Embed Pods Frameworks";
			outputPaths = (
				"${TARGET_BUILD_DIR}/${FRAMEWORKS_FOLDER_PATH}/Alamofire.framework",
				"${TARGET_BUILD_DIR}/${FRAMEWORKS_FOLDER_PATH}/Canvas.framework",
				"${TARGET_BUILD_DIR}/${FRAMEWORKS_FOLDER_PATH}/SwiftyJSON.framework",
			);
			runOnlyForDeploymentPostprocessing = 0;
			shellPath = /bin/sh;
			shellScript = "\"${SRCROOT}/Pods/Target Support Files/Pods-justArt/Pods-justArt-frameworks.sh\"\n";
			showEnvVarsInLog = 0;
		};
		BF8881A6BD0CC6B91087A460 /* [CP] Copy Pods Resources */ = {
			isa = PBXShellScriptBuildPhase;
			buildActionMask = 2147483647;
			files = (
			);
			inputPaths = (
			);
			name = "[CP] Copy Pods Resources";
			outputPaths = (
			);
			runOnlyForDeploymentPostprocessing = 0;
			shellPath = /bin/sh;
			shellScript = "\"${SRCROOT}/Pods/Target Support Files/Pods-justArt/Pods-justArt-resources.sh\"\n";
			showEnvVarsInLog = 0;
		};
		C03FA1739B34FEDE9FFC1C4B /* [CP] Check Pods Manifest.lock */ = {
			isa = PBXShellScriptBuildPhase;
			buildActionMask = 2147483647;
			files = (
			);
			inputPaths = (
				"${PODS_PODFILE_DIR_PATH}/Podfile.lock",
				"${PODS_ROOT}/Manifest.lock",
			);
			name = "[CP] Check Pods Manifest.lock";
			outputPaths = (
				"$(DERIVED_FILE_DIR)/Pods-justArt-checkManifestLockResult.txt",
			);
			runOnlyForDeploymentPostprocessing = 0;
			shellPath = /bin/sh;
			shellScript = "diff \"${PODS_PODFILE_DIR_PATH}/Podfile.lock\" \"${PODS_ROOT}/Manifest.lock\" > /dev/null\nif [ $? != 0 ] ; then\n    # print error to STDERR\n    echo \"error: The sandbox is not in sync with the Podfile.lock. Run 'pod install' or update your CocoaPods installation.\" >&2\n    exit 1\nfi\n# This output is used by Xcode 'outputs' to avoid re-running this script phase.\necho \"SUCCESS\" > \"${SCRIPT_OUTPUT_FILE_0}\"\n";
			showEnvVarsInLog = 0;
		};
/* End PBXShellScriptBuildPhase section */

/* Begin PBXSourcesBuildPhase section */
		8A7B3B831FD2C45B005AD523 /* Sources */ = {
			isa = PBXSourcesBuildPhase;
			buildActionMask = 2147483647;
			files = (
				8A306B7E1FD72EBF0063ECCA /* CategoryVC.swift in Sources */,
				8AEADFFA1FD35E6D001E87E4 /* Question.swift in Sources */,
				8A9A43341FD5F538000C0FFA /* APIService.swift in Sources */,
				8AEADFF81FD350D3001E87E4 /* RoundedImage.swift in Sources */,
				8A7B3B8D1FD2C45B005AD523 /* GameVC.swift in Sources */,
				8A306B7C1FD72E920063ECCA /* MenuVC.swift in Sources */,
				8A7B3B8B1FD2C45B005AD523 /* AppDelegate.swift in Sources */,
				8AEADFF61FD34F51001E87E4 /* RoundedButton.swift in Sources */,
				8A9A43371FD5F7E0000C0FFA /* Constants.swift in Sources */,
			);
			runOnlyForDeploymentPostprocessing = 0;
		};
/* End PBXSourcesBuildPhase section */

/* Begin PBXVariantGroup section */
		8A7B3B8E1FD2C45B005AD523 /* Main.storyboard */ = {
			isa = PBXVariantGroup;
			children = (
				8A7B3B8F1FD2C45B005AD523 /* Base */,
			);
			name = Main.storyboard;
			sourceTree = "<group>";
		};
		8A7B3B931FD2C45B005AD523 /* LaunchScreen.storyboard */ = {
			isa = PBXVariantGroup;
			children = (
				8A7B3B941FD2C45B005AD523 /* Base */,
			);
			name = LaunchScreen.storyboard;
			sourceTree = "<group>";
		};
/* End PBXVariantGroup section */

/* Begin XCBuildConfiguration section */
		8A7B3B971FD2C45B005AD523 /* Debug */ = {
			isa = XCBuildConfiguration;
			buildSettings = {
				ALWAYS_SEARCH_USER_PATHS = NO;
				CLANG_ANALYZER_NONNULL = YES;
				CLANG_ANALYZER_NUMBER_OBJECT_CONVERSION = YES_AGGRESSIVE;
				CLANG_CXX_LANGUAGE_STANDARD = "gnu++14";
				CLANG_CXX_LIBRARY = "libc++";
				CLANG_ENABLE_MODULES = YES;
				CLANG_ENABLE_OBJC_ARC = YES;
				CLANG_WARN_BLOCK_CAPTURE_AUTORELEASING = YES;
				CLANG_WARN_BOOL_CONVERSION = YES;
				CLANG_WARN_COMMA = YES;
				CLANG_WARN_CONSTANT_CONVERSION = YES;
				CLANG_WARN_DIRECT_OBJC_ISA_USAGE = YES_ERROR;
				CLANG_WARN_DOCUMENTATION_COMMENTS = YES;
				CLANG_WARN_EMPTY_BODY = YES;
				CLANG_WARN_ENUM_CONVERSION = YES;
				CLANG_WARN_INFINITE_RECURSION = YES;
				CLANG_WARN_INT_CONVERSION = YES;
				CLANG_WARN_NON_LITERAL_NULL_CONVERSION = YES;
				CLANG_WARN_OBJC_LITERAL_CONVERSION = YES;
				CLANG_WARN_OBJC_ROOT_CLASS = YES_ERROR;
				CLANG_WARN_RANGE_LOOP_ANALYSIS = YES;
				CLANG_WARN_STRICT_PROTOTYPES = YES;
				CLANG_WARN_SUSPICIOUS_MOVE = YES;
				CLANG_WARN_UNGUARDED_AVAILABILITY = YES_AGGRESSIVE;
				CLANG_WARN_UNREACHABLE_CODE = YES;
				CLANG_WARN__DUPLICATE_METHOD_MATCH = YES;
				CODE_SIGN_IDENTITY = "iPhone Developer";
				COPY_PHASE_STRIP = NO;
				DEBUG_INFORMATION_FORMAT = dwarf;
				ENABLE_STRICT_OBJC_MSGSEND = YES;
				ENABLE_TESTABILITY = YES;
				GCC_C_LANGUAGE_STANDARD = gnu11;
				GCC_DYNAMIC_NO_PIC = NO;
				GCC_NO_COMMON_BLOCKS = YES;
				GCC_OPTIMIZATION_LEVEL = 0;
				GCC_PREPROCESSOR_DEFINITIONS = (
					"DEBUG=1",
					"$(inherited)",
				);
				GCC_WARN_64_TO_32_BIT_CONVERSION = YES;
				GCC_WARN_ABOUT_RETURN_TYPE = YES_ERROR;
				GCC_WARN_UNDECLARED_SELECTOR = YES;
				GCC_WARN_UNINITIALIZED_AUTOS = YES_AGGRESSIVE;
				GCC_WARN_UNUSED_FUNCTION = YES;
				GCC_WARN_UNUSED_VARIABLE = YES;
				IPHONEOS_DEPLOYMENT_TARGET = 11.1;
				MTL_ENABLE_DEBUG_INFO = YES;
				ONLY_ACTIVE_ARCH = YES;
				SDKROOT = iphoneos;
				SWIFT_ACTIVE_COMPILATION_CONDITIONS = DEBUG;
				SWIFT_OPTIMIZATION_LEVEL = "-Onone";
			};
			name = Debug;
		};
		8A7B3B981FD2C45B005AD523 /* Release */ = {
			isa = XCBuildConfiguration;
			buildSettings = {
				ALWAYS_SEARCH_USER_PATHS = NO;
				CLANG_ANALYZER_NONNULL = YES;
				CLANG_ANALYZER_NUMBER_OBJECT_CONVERSION = YES_AGGRESSIVE;
				CLANG_CXX_LANGUAGE_STANDARD = "gnu++14";
				CLANG_CXX_LIBRARY = "libc++";
				CLANG_ENABLE_MODULES = YES;
				CLANG_ENABLE_OBJC_ARC = YES;
				CLANG_WARN_BLOCK_CAPTURE_AUTORELEASING = YES;
				CLANG_WARN_BOOL_CONVERSION = YES;
				CLANG_WARN_COMMA = YES;
				CLANG_WARN_CONSTANT_CONVERSION = YES;
				CLANG_WARN_DIRECT_OBJC_ISA_USAGE = YES_ERROR;
				CLANG_WARN_DOCUMENTATION_COMMENTS = YES;
				CLANG_WARN_EMPTY_BODY = YES;
				CLANG_WARN_ENUM_CONVERSION = YES;
				CLANG_WARN_INFINITE_RECURSION = YES;
				CLANG_WARN_INT_CONVERSION = YES;
				CLANG_WARN_NON_LITERAL_NULL_CONVERSION = YES;
				CLANG_WARN_OBJC_LITERAL_CONVERSION = YES;
				CLANG_WARN_OBJC_ROOT_CLASS = YES_ERROR;
				CLANG_WARN_RANGE_LOOP_ANALYSIS = YES;
				CLANG_WARN_STRICT_PROTOTYPES = YES;
				CLANG_WARN_SUSPICIOUS_MOVE = YES;
				CLANG_WARN_UNGUARDED_AVAILABILITY = YES_AGGRESSIVE;
				CLANG_WARN_UNREACHABLE_CODE = YES;
				CLANG_WARN__DUPLICATE_METHOD_MATCH = YES;
				CODE_SIGN_IDENTITY = "iPhone Developer";
				COPY_PHASE_STRIP = NO;
				DEBUG_INFORMATION_FORMAT = "dwarf-with-dsym";
				ENABLE_NS_ASSERTIONS = NO;
				ENABLE_STRICT_OBJC_MSGSEND = YES;
				GCC_C_LANGUAGE_STANDARD = gnu11;
				GCC_NO_COMMON_BLOCKS = YES;
				GCC_WARN_64_TO_32_BIT_CONVERSION = YES;
				GCC_WARN_ABOUT_RETURN_TYPE = YES_ERROR;
				GCC_WARN_UNDECLARED_SELECTOR = YES;
				GCC_WARN_UNINITIALIZED_AUTOS = YES_AGGRESSIVE;
				GCC_WARN_UNUSED_FUNCTION = YES;
				GCC_WARN_UNUSED_VARIABLE = YES;
				IPHONEOS_DEPLOYMENT_TARGET = 11.1;
				MTL_ENABLE_DEBUG_INFO = NO;
				SDKROOT = iphoneos;
				SWIFT_OPTIMIZATION_LEVEL = "-Owholemodule";
				VALIDATE_PRODUCT = YES;
			};
			name = Release;
		};
		8A7B3B9A1FD2C45B005AD523 /* Debug */ = {
			isa = XCBuildConfiguration;
			baseConfigurationReference = 2C8BFC4583843EAE208B5CAC /* Pods-justArt.debug.xcconfig */;
			buildSettings = {
				ASSETCATALOG_COMPILER_APPICON_NAME = AppIcon;
				CODE_SIGN_STYLE = Automatic;
				DEVELOPMENT_TEAM = 7ZMQYLDPE3;
				INFOPLIST_FILE = justArt/Info.plist;
				LD_RUNPATH_SEARCH_PATHS = "$(inherited) @executable_path/Frameworks";
				PRODUCT_BUNDLE_IDENTIFIER = com.sercanyektas.justArt;
				PRODUCT_NAME = "$(TARGET_NAME)";
				SWIFT_VERSION = 4.0;
				TARGETED_DEVICE_FAMILY = "1,2";
			};
			name = Debug;
		};
		8A7B3B9B1FD2C45B005AD523 /* Release */ = {
			isa = XCBuildConfiguration;
			baseConfigurationReference = 0445CC55F6907F46E9F8F13D /* Pods-justArt.release.xcconfig */;
			buildSettings = {
				ASSETCATALOG_COMPILER_APPICON_NAME = AppIcon;
				CODE_SIGN_STYLE = Automatic;
				DEVELOPMENT_TEAM = 7ZMQYLDPE3;
				INFOPLIST_FILE = justArt/Info.plist;
				LD_RUNPATH_SEARCH_PATHS = "$(inherited) @executable_path/Frameworks";
				PRODUCT_BUNDLE_IDENTIFIER = com.sercanyektas.justArt;
				PRODUCT_NAME = "$(TARGET_NAME)";
				SWIFT_VERSION = 4.0;
				TARGETED_DEVICE_FAMILY = "1,2";
			};
			name = Release;
		};
/* End XCBuildConfiguration section */

/* Begin XCConfigurationList section */
		8A7B3B821FD2C45B005AD523 /* Build configuration list for PBXProject "justArt" */ = {
			isa = XCConfigurationList;
			buildConfigurations = (
				8A7B3B971FD2C45B005AD523 /* Debug */,
				8A7B3B981FD2C45B005AD523 /* Release */,
			);
			defaultConfigurationIsVisible = 0;
			defaultConfigurationName = Release;
		};
		8A7B3B991FD2C45B005AD523 /* Build configuration list for PBXNativeTarget "justArt" */ = {
			isa = XCConfigurationList;
			buildConfigurations = (
				8A7B3B9A1FD2C45B005AD523 /* Debug */,
				8A7B3B9B1FD2C45B005AD523 /* Release */,
			);
			defaultConfigurationIsVisible = 0;
			defaultConfigurationName = Release;
		};
/* End XCConfigurationList section */
	};
	rootObject = 8A7B3B7F1FD2C45B005AD523 /* Project object */;
}
